
Microsoft Visual Studio Solution File, Format Version 12.00
# Visual Studio Version 16
VisualStudioVersion = 16.0.31005.135
MinimumVisualStudioVersion = 10.0.40219.1
Project("{9A19103F-16F7-4668-BE54-9A1E7A4F7556}") = "_DataAccess", "_DataAccess\_DataAccess.csproj", "{120A5B43-0811-4DD2-B46D-32998A1E84DF}"
EndProject
Project("{9A19103F-16F7-4668-BE54-9A1E7A4F7556}") = "_Models", "_Models\_Models.csproj", "{FB7FB714-EC80-418F-B8CE-826E152553D0}"
EndProject
Project("{9A19103F-16F7-4668-BE54-9A1E7A4F7556}") = "eCommerceApi", "eCommerceApi\eCommerceApi.csproj", "{A6ECE261-A834-4DE5-97D1-6F36EE65D5A9}"
EndProject
Project("{9A19103F-16F7-4668-BE54-9A1E7A4F7556}") = "_Business", "_Business\_Business.csproj", "{E636D8B7-6BA4-4689-BBB6-3BF32C030112}"
EndProject
Project("{9A19103F-16F7-4668-BE54-9A1E7A4F7556}") = "_Core", "_Core\_Core.csproj", "{D16C2211-94B1-4141-B5FD-34CCF76C2D53}"
EndProject
Global
	GlobalSection(SolutionConfigurationPlatforms) = preSolution
		Debug|Any CPU = Debug|Any CPU
		Release|Any CPU = Release|Any CPU
	EndGlobalSection
	GlobalSection(ProjectConfigurationPlatforms) = postSolution
		{120A5B43-0811-4DD2-B46D-32998A1E84DF}.Debug|Any CPU.ActiveCfg = Debug|Any CPU
		{120A5B43-0811-4DD2-B46D-32998A1E84DF}.Debug|Any CPU.Build.0 = Debug|Any CPU
		{120A5B43-0811-4DD2-B46D-32998A1E84DF}.Release|Any CPU.ActiveCfg = Release|Any CPU
		{120A5B43-0811-4DD2-B46D-32998A1E84DF}.Release|Any CPU.Build.0 = Release|Any CPU
		{FB7FB714-EC80-418F-B8CE-826E152553D0}.Debug|Any CPU.ActiveCfg = Debug|Any CPU
		{FB7FB714-EC80-418F-B8CE-826E152553D0}.Debug|Any CPU.Build.0 = Debug|Any CPU
		{FB7FB714-EC80-418F-B8CE-826E152553D0}.Release|Any CPU.ActiveCfg = Release|Any CPU
		{FB7FB714-EC80-418F-B8CE-826E152553D0}.Release|Any CPU.Build.0 = Release|Any CPU
		{A6ECE261-A834-4DE5-97D1-6F36EE65D5A9}.Debug|Any CPU.ActiveCfg = Debug|Any CPU
		{A6ECE261-A834-4DE5-97D1-6F36EE65D5A9}.Debug|Any CPU.Build.0 = Debug|Any CPU
		{A6ECE261-A834-4DE5-97D1-6F36EE65D5A9}.Release|Any CPU.ActiveCfg = Release|Any CPU
		{A6ECE261-A834-4DE5-97D1-6F36EE65D5A9}.Release|Any CPU.Build.0 = Release|Any CPU
		{E636D8B7-6BA4-4689-BBB6-3BF32C030112}.Debug|Any CPU.ActiveCfg = Debug|Any CPU
		{E636D8B7-6BA4-4689-BBB6-3BF32C030112}.Debug|Any CPU.Build.0 = Debug|Any CPU
		{E636D8B7-6BA4-4689-BBB6-3BF32C030112}.Release|Any CPU.ActiveCfg = Release|Any CPU
		{E636D8B7-6BA4-4689-BBB6-3BF32C030112}.Release|Any CPU.Build.0 = Release|Any CPU
		{D16C2211-94B1-4141-B5FD-34CCF76C2D53}.Debug|Any CPU.ActiveCfg = Debug|Any CPU
		{D16C2211-94B1-4141-B5FD-34CCF76C2D53}.Debug|Any CPU.Build.0 = Debug|Any CPU
		{D16C2211-94B1-4141-B5FD-34CCF76C2D53}.Release|Any CPU.ActiveCfg = Release|Any CPU
		{D16C2211-94B1-4141-B5FD-34CCF76C2D53}.Release|Any CPU.Build.0 = Release|Any CPU
	EndGlobalSection
	GlobalSection(SolutionProperties) = preSolution
		HideSolutionNode = FALSE
	EndGlobalSection
	GlobalSection(ExtensibilityGlobals) = postSolution
		SolutionGuid = {8248B0B5-9202-413F-99FF-B2B27BA3DD1E}
	EndGlobalSection
EndGlobal
